
Microsoft Visual Studio Solution File, Format Version 12.00
# Visual Studio Version 17
VisualStudioVersion = 17.6.33801.468
MinimumVisualStudioVersion = 10.0.40219.1
Project("{8BC9CEB8-8B4A-11D0-8D11-00A0C91BC942}") = "ConsoleApplication1", "ConsoleApplication1\ConsoleApplication1.vcxproj", "{8161A8E5-9DD5-45F7-A075-F543D8219D36}"
EndProject
Project("{8BC9CEB8-8B4A-11D0-8D11-00A0C91BC942}") = "WindowsProject1", "WindowsProject1\WindowsProject1.vcxproj", "{19E495FC-0061-4A9C-95F0-66A773C7A245}"
EndProject
Project("{8BC9CEB8-8B4A-11D0-8D11-00A0C91BC942}") = "WindowsProject2", "WindowsProject2\WindowsProject2.vcxproj", "{E104DE04-40A4-4D85-BC84-78CE737EA5AF}"
EndProject
Project("{8BC9CEB8-8B4A-11D0-8D11-00A0C91BC942}") = "ConsoleApplication2", "ConsoleApplication2\ConsoleApplication2.vcxproj", "{9C68CA6B-5691-48CE-8038-492F5FE591AF}"
EndProject
Global
	GlobalSection(SolutionConfigurationPlatforms) = preSolution
		Debug|x64 = Debug|x64
		Debug|x86 = Debug|x86
		Release|x64 = Release|x64
		Release|x86 = Release|x86
	EndGlobalSection
	GlobalSection(ProjectConfigurationPlatforms) = postSolution
		{8161A8E5-9DD5-45F7-A075-F543D8219D36}.Debug|x64.ActiveCfg = Debug|x64
		{8161A8E5-9DD5-45F7-A075-F543D8219D36}.Debug|x64.Build.0 = Debug|x64
		{8161A8E5-9DD5-45F7-A075-F543D8219D36}.Debug|x86.ActiveCfg = Debug|Win32
		{8161A8E5-9DD5-45F7-A075-F543D8219D36}.Debug|x86.Build.0 = Debug|Win32
		{8161A8E5-9DD5-45F7-A075-F543D8219D36}.Release|x64.ActiveCfg = Release|x64
		{8161A8E5-9DD5-45F7-A075-F543D8219D36}.Release|x64.Build.0 = Release|x64
		{8161A8E5-9DD5-45F7-A075-F543D8219D36}.Release|x86.ActiveCfg = Release|Win32
		{8161A8E5-9DD5-45F7-A075-F543D8219D36}.Release|x86.Build.0 = Release|Win32
		{19E495FC-0061-4A9C-95F0-66A773C7A245}.Debug|x64.ActiveCfg = Debug|x64
		{19E495FC-0061-4A9C-95F0-66A773C7A245}.Debug|x64.Build.0 = Debug|x64
		{19E495FC-0061-4A9C-95F0-66A773C7A245}.Debug|x86.ActiveCfg = Debug|Win32
		{19E495FC-0061-4A9C-95F0-66A773C7A245}.Debug|x86.Build.0 = Debug|Win32
		{19E495FC-0061-4A9C-95F0-66A773C7A245}.Release|x64.ActiveCfg = Release|x64
		{19E495FC-0061-4A9C-95F0-66A773C7A245}.Release|x64.Build.0 = Release|x64
		{19E495FC-0061-4A9C-95F0-66A773C7A245}.Release|x86.ActiveCfg = Release|Win32
		{19E495FC-0061-4A9C-95F0-66A773C7A245}.Release|x86.Build.0 = Release|Win32
		{E104DE04-40A4-4D85-BC84-78CE737EA5AF}.Debug|x64.ActiveCfg = Debug|x64
		{E104DE04-40A4-4D85-BC84-78CE737EA5AF}.Debug|x64.Build.0 = Debug|x64
		{E104DE04-40A4-4D85-BC84-78CE737EA5AF}.Debug|x86.ActiveCfg = Debug|Win32
		{E104DE04-40A4-4D85-BC84-78CE737EA5AF}.Debug|x86.Build.0 = Debug|Win32
		{E104DE04-40A4-4D85-BC84-78CE737EA5AF}.Release|x64.ActiveCfg = Release|x64
		{E104DE04-40A4-4D85-BC84-78CE737EA5AF}.Release|x64.Build.0 = Release|x64
		{E104DE04-40A4-4D85-BC84-78CE737EA5AF}.Release|x86.ActiveCfg = Release|Win32
		{E104DE04-40A4-4D85-BC84-78CE737EA5AF}.Release|x86.Build.0 = Release|Win32
		{9C68CA6B-5691-48CE-8038-492F5FE591AF}.Debug|x64.ActiveCfg = Debug|x64
		{9C68CA6B-5691-48CE-8038-492F5FE591AF}.Debug|x64.Build.0 = Debug|x64
		{9C68CA6B-5691-48CE-8038-492F5FE591AF}.Debug|x86.ActiveCfg = Debug|Win32
		{9C68CA6B-5691-48CE-8038-492F5FE591AF}.Debug|x86.Build.0 = Debug|Win32
		{9C68CA6B-5691-48CE-8038-492F5FE591AF}.Release|x64.ActiveCfg = Release|x64
		{9C68CA6B-5691-48CE-8038-492F5FE591AF}.Release|x64.Build.0 = Release|x64
		{9C68CA6B-5691-48CE-8038-492F5FE591AF}.Release|x86.ActiveCfg = Release|Win32
		{9C68CA6B-5691-48CE-8038-492F5FE591AF}.Release|x86.Build.0 = Release|Win32
	EndGlobalSection
	GlobalSection(SolutionProperties) = preSolution
		HideSolutionNode = FALSE
	EndGlobalSection
	GlobalSection(ExtensibilityGlobals) = postSolution
		SolutionGuid = {D0E2EEE6-C8E8-4595-BC6D-26B779C67B29}
	EndGlobalSection
EndGlobal
